
Microsoft Visual Studio Solution File, Format Version 12.00
# Visual Studio 15
VisualStudioVersion = 15.0.28307.852
MinimumVisualStudioVersion = 10.0.40219.1
Project("{FAE04EC0-301F-11D3-BF4B-00C04F79EFBC}") = "Jellyfish", "Jellyfish\Jellyfish.csproj", "{C151B04E-529B-46C0-9BC3-7B5B3DE6FAD5}"
EndProject
Global
	GlobalSection(SolutionConfigurationPlatforms) = preSolution
		Debug|Any CPU = Debug|Any CPU
		Release|Any CPU = Release|Any CPU
	EndGlobalSection
	GlobalSection(ProjectConfigurationPlatforms) = postSolution
		{C151B04E-529B-46C0-9BC3-7B5B3DE6FAD5}.Debug|Any CPU.ActiveCfg = Debug|Any CPU
		{C151B04E-529B-46C0-9BC3-7B5B3DE6FAD5}.Debug|Any CPU.Build.0 = Debug|Any CPU
		{C151B04E-529B-46C0-9BC3-7B5B3DE6FAD5}.Release|Any CPU.ActiveCfg = Release|Any CPU
		{C151B04E-529B-46C0-9BC3-7B5B3DE6FAD5}.Release|Any CPU.Build.0 = Release|Any CPU
	EndGlobalSection
	GlobalSection(SolutionProperties) = preSolution
		HideSolutionNode = FALSE
	EndGlobalSection
	GlobalSection(ExtensibilityGlobals) = postSolution
		SolutionGuid = {B8E685A0-7420-4D57-84AA-2ADB78D3DDD2}
	EndGlobalSection
EndGlobal
